{
  "name": "penguindrop",
  "version": "0.0.0",
  "lockfileVersion": 1,
  "requires": true,
  "dependencies": {
    "dotenv": {
      "version": "6.0.0",
      "resolved": "https://registry.npmjs.org/dotenv/-/dotenv-6.0.0.tgz",
      "integrity": "sha512-FlWbnhgjtwD+uNLUGHbMykMOYQaTivdHEmYwAKFjn6GKe/CqY0fNae93ZHTd20snh9ZLr8mTzIL9m0APQ1pjQg=="
    },
    "webwebweb": {
      "version": "1.1.10",
      "resolved": "https://registry.npmjs.org/webwebweb/-/webwebweb-1.1.10.tgz",
      "integrity": "sha512-1USSML5iHpqH8KGcAwmck2dOlsxL6SxRX/c5qqPbi/dj1VdXiNff5DgZnPqtIFdINyuyc1WnKJaCZCFWwetvRQ=="
    }
  }
}
